
Microsoft Visual Studio Solution File, Format Version 12.00
# Visual Studio 15
VisualStudioVersion = 15.0.28307.168
MinimumVisualStudioVersion = 10.0.40219.1
Project("{9A19103F-16F7-4668-BE54-9A1E7A4F7556}") = "StructureCore", "StructureCore\StructureCore.csproj", "{8CBFE491-637E-4DD0-9041-D189366DD305}"
EndProject
Project("{2150E333-8FDC-42A3-9474-1A3956D46DE8}") = "DataBase", "DataBase", "{7A8A9765-3ED4-4B12-9A3A-771362A34401}"
EndProject
Project("{9A19103F-16F7-4668-BE54-9A1E7A4F7556}") = "OTTMRPDB", "OTTMRPDB\OTTMRPDB.csproj", "{F3D8771F-4B5E-4C35-91B9-2A5A30F82E6F}"
EndProject
Project("{9A19103F-16F7-4668-BE54-9A1E7A4F7556}") = "StudeyPlatFromDB", "StudeyPlatFromDB\StudeyPlatFromDB.csproj", "{20769BC5-B68B-44AD-89F6-9392CDAC5E1A}"
EndProject
Project("{2150E333-8FDC-42A3-9474-1A3956D46DE8}") = "MVCCilent", "MVCCilent", "{36304FD0-BC36-4E17-B767-6A04349751F8}"
EndProject
Project("{9A19103F-16F7-4668-BE54-9A1E7A4F7556}") = "MYBLOGDB", "MYBLOGDB\MYBLOGDB.csproj", "{734AB094-227C-415D-9326-1FFED11D167A}"
EndProject
Project("{9A19103F-16F7-4668-BE54-9A1E7A4F7556}") = "CoreMVCTestDB", "CoreMVCTestDB\CoreMVCTestDB.csproj", "{8E32162A-ADE5-4DDE-8C14-BE62BF8F4F11}"
EndProject
Project("{9A19103F-16F7-4668-BE54-9A1E7A4F7556}") = "CoreMVCTestMVC", "CoreMVCTestMVC\CoreMVCTestMVC.csproj", "{E0B16417-5E6D-4205-9B7B-AF996BD9F069}"
EndProject
Project("{2150E333-8FDC-42A3-9474-1A3956D46DE8}") = "FunctionHelp", "FunctionHelp", "{9DB14D82-4AC5-457D-BC34-1B5A9D4EBD56}"
EndProject
Project("{9A19103F-16F7-4668-BE54-9A1E7A4F7556}") = "PassWord_Help", "PassWord_Help\PassWord_Help.csproj", "{FA00D228-F1F7-4FEB-AB40-FB1003F182AF}"
EndProject
Project("{2150E333-8FDC-42A3-9474-1A3956D46DE8}") = "UnitTestProject", "UnitTestProject", "{B95E4233-0770-4D77-B54C-6D49E1D478EE}"
EndProject
Project("{9A19103F-16F7-4668-BE54-9A1E7A4F7556}") = "MSCoreMVCTestMVC", "MSCoreMVCTestMVC\MSCoreMVCTestMVC.csproj", "{57D13506-197D-4EA0-8680-471C80539E70}"
EndProject
Project("{2150E333-8FDC-42A3-9474-1A3956D46DE8}") = "FrameWorkCilent", "FrameWorkCilent", "{B4C747DF-6E01-4E01-BF3A-75694BFAB6BE}"
EndProject
Project("{FAE04EC0-301F-11D3-BF4B-00C04F79EFBC}") = "FrameworkTest", "FrameworkTest\FrameworkTest.csproj", "{39C7A163-65CD-4F50-8764-9AC6682EE168}"
EndProject
Project("{2150E333-8FDC-42A3-9474-1A3956D46DE8}") = "TestALL", "TestALL", "{4497B34D-8637-4165-A625-3E4FD9E70822}"
EndProject
Project("{9A19103F-16F7-4668-BE54-9A1E7A4F7556}") = "StudyTest.API", "StudyTest.API\StudyTest.API.csproj", "{61B0E264-57B3-4DFD-8824-8655EF00CAB9}"
EndProject
Project("{9A19103F-16F7-4668-BE54-9A1E7A4F7556}") = "TestDB", "TestDB\TestDB.csproj", "{FAFD914D-A1D6-4362-AEF2-9553CB55573A}"
EndProject
Project("{9A19103F-16F7-4668-BE54-9A1E7A4F7556}") = "MYBlog.MVC", "MYBlog.MVC\MYBlog.MVC.csproj", "{C67C1DE2-B168-4141-9F5B-305307D756E4}"
EndProject
Project("{9A19103F-16F7-4668-BE54-9A1E7A4F7556}") = "IdentityMVC", "IdentityMVC\IdentityMVC.csproj", "{842DDF84-274C-4639-9E92-5D0E4D0C49A3}"
EndProject
Project("{9A19103F-16F7-4668-BE54-9A1E7A4F7556}") = "TestPojectMVC", "TestPojectMVC\TestPojectMVC.csproj", "{E48A1D3D-7D24-47EA-B8D1-AA39C62F8AAE}"
EndProject
Project("{FAE04EC0-301F-11D3-BF4B-00C04F79EFBC}") = "FileRead_Help", "FileRead_Help\FileRead_Help.csproj", "{38BCA52F-CA11-496A-867D-CE89698D9DF9}"
EndProject
Project("{FAE04EC0-301F-11D3-BF4B-00C04F79EFBC}") = "TestConsole", "TestConsole\TestConsole.csproj", "{E607314B-DFDF-4854-BBE9-E0B725B26C27}"
EndProject
Project("{2150E333-8FDC-42A3-9474-1A3956D46DE8}") = "StudyProject", "StudyProject", "{292C34CA-9A20-486D-ABFB-6DB58919C12D}"
EndProject
Global
	GlobalSection(SolutionConfigurationPlatforms) = preSolution
		Debug|Any CPU = Debug|Any CPU
		Release|Any CPU = Release|Any CPU
	EndGlobalSection
	GlobalSection(ProjectConfigurationPlatforms) = postSolution
		{8CBFE491-637E-4DD0-9041-D189366DD305}.Debug|Any CPU.ActiveCfg = Debug|Any CPU
		{8CBFE491-637E-4DD0-9041-D189366DD305}.Debug|Any CPU.Build.0 = Debug|Any CPU
		{8CBFE491-637E-4DD0-9041-D189366DD305}.Release|Any CPU.ActiveCfg = Release|Any CPU
		{8CBFE491-637E-4DD0-9041-D189366DD305}.Release|Any CPU.Build.0 = Release|Any CPU
		{F3D8771F-4B5E-4C35-91B9-2A5A30F82E6F}.Debug|Any CPU.ActiveCfg = Debug|Any CPU
		{F3D8771F-4B5E-4C35-91B9-2A5A30F82E6F}.Debug|Any CPU.Build.0 = Debug|Any CPU
		{F3D8771F-4B5E-4C35-91B9-2A5A30F82E6F}.Release|Any CPU.ActiveCfg = Release|Any CPU
		{F3D8771F-4B5E-4C35-91B9-2A5A30F82E6F}.Release|Any CPU.Build.0 = Release|Any CPU
		{20769BC5-B68B-44AD-89F6-9392CDAC5E1A}.Debug|Any CPU.ActiveCfg = Debug|Any CPU
		{20769BC5-B68B-44AD-89F6-9392CDAC5E1A}.Debug|Any CPU.Build.0 = Debug|Any CPU
		{20769BC5-B68B-44AD-89F6-9392CDAC5E1A}.Release|Any CPU.ActiveCfg = Release|Any CPU
		{20769BC5-B68B-44AD-89F6-9392CDAC5E1A}.Release|Any CPU.Build.0 = Release|Any CPU
		{734AB094-227C-415D-9326-1FFED11D167A}.Debug|Any CPU.ActiveCfg = Debug|Any CPU
		{734AB094-227C-415D-9326-1FFED11D167A}.Debug|Any CPU.Build.0 = Debug|Any CPU
		{734AB094-227C-415D-9326-1FFED11D167A}.Release|Any CPU.ActiveCfg = Release|Any CPU
		{734AB094-227C-415D-9326-1FFED11D167A}.Release|Any CPU.Build.0 = Release|Any CPU
		{8E32162A-ADE5-4DDE-8C14-BE62BF8F4F11}.Debug|Any CPU.ActiveCfg = Debug|Any CPU
		{8E32162A-ADE5-4DDE-8C14-BE62BF8F4F11}.Debug|Any CPU.Build.0 = Debug|Any CPU
		{8E32162A-ADE5-4DDE-8C14-BE62BF8F4F11}.Release|Any CPU.ActiveCfg = Release|Any CPU
		{8E32162A-ADE5-4DDE-8C14-BE62BF8F4F11}.Release|Any CPU.Build.0 = Release|Any CPU
		{E0B16417-5E6D-4205-9B7B-AF996BD9F069}.Debug|Any CPU.ActiveCfg = Debug|Any CPU
		{E0B16417-5E6D-4205-9B7B-AF996BD9F069}.Debug|Any CPU.Build.0 = Debug|Any CPU
		{E0B16417-5E6D-4205-9B7B-AF996BD9F069}.Release|Any CPU.ActiveCfg = Release|Any CPU
		{E0B16417-5E6D-4205-9B7B-AF996BD9F069}.Release|Any CPU.Build.0 = Release|Any CPU
		{FA00D228-F1F7-4FEB-AB40-FB1003F182AF}.Debug|Any CPU.ActiveCfg = Debug|Any CPU
		{FA00D228-F1F7-4FEB-AB40-FB1003F182AF}.Debug|Any CPU.Build.0 = Debug|Any CPU
		{FA00D228-F1F7-4FEB-AB40-FB1003F182AF}.Release|Any CPU.ActiveCfg = Release|Any CPU
		{FA00D228-F1F7-4FEB-AB40-FB1003F182AF}.Release|Any CPU.Build.0 = Release|Any CPU
		{57D13506-197D-4EA0-8680-471C80539E70}.Debug|Any CPU.ActiveCfg = Debug|Any CPU
		{57D13506-197D-4EA0-8680-471C80539E70}.Debug|Any CPU.Build.0 = Debug|Any CPU
		{57D13506-197D-4EA0-8680-471C80539E70}.Release|Any CPU.ActiveCfg = Release|Any CPU
		{57D13506-197D-4EA0-8680-471C80539E70}.Release|Any CPU.Build.0 = Release|Any CPU
		{39C7A163-65CD-4F50-8764-9AC6682EE168}.Debug|Any CPU.ActiveCfg = Debug|Any CPU
		{39C7A163-65CD-4F50-8764-9AC6682EE168}.Debug|Any CPU.Build.0 = Debug|Any CPU
		{39C7A163-65CD-4F50-8764-9AC6682EE168}.Release|Any CPU.ActiveCfg = Release|Any CPU
		{39C7A163-65CD-4F50-8764-9AC6682EE168}.Release|Any CPU.Build.0 = Release|Any CPU
		{61B0E264-57B3-4DFD-8824-8655EF00CAB9}.Debug|Any CPU.ActiveCfg = Debug|Any CPU
		{61B0E264-57B3-4DFD-8824-8655EF00CAB9}.Debug|Any CPU.Build.0 = Debug|Any CPU
		{61B0E264-57B3-4DFD-8824-8655EF00CAB9}.Release|Any CPU.ActiveCfg = Release|Any CPU
		{61B0E264-57B3-4DFD-8824-8655EF00CAB9}.Release|Any CPU.Build.0 = Release|Any CPU
		{FAFD914D-A1D6-4362-AEF2-9553CB55573A}.Debug|Any CPU.ActiveCfg = Debug|Any CPU
		{FAFD914D-A1D6-4362-AEF2-9553CB55573A}.Debug|Any CPU.Build.0 = Debug|Any CPU
		{FAFD914D-A1D6-4362-AEF2-9553CB55573A}.Release|Any CPU.ActiveCfg = Release|Any CPU
		{FAFD914D-A1D6-4362-AEF2-9553CB55573A}.Release|Any CPU.Build.0 = Release|Any CPU
		{C67C1DE2-B168-4141-9F5B-305307D756E4}.Debug|Any CPU.ActiveCfg = Debug|Any CPU
		{C67C1DE2-B168-4141-9F5B-305307D756E4}.Debug|Any CPU.Build.0 = Debug|Any CPU
		{C67C1DE2-B168-4141-9F5B-305307D756E4}.Release|Any CPU.ActiveCfg = Release|Any CPU
		{C67C1DE2-B168-4141-9F5B-305307D756E4}.Release|Any CPU.Build.0 = Release|Any CPU
		{842DDF84-274C-4639-9E92-5D0E4D0C49A3}.Debug|Any CPU.ActiveCfg = Debug|Any CPU
		{842DDF84-274C-4639-9E92-5D0E4D0C49A3}.Debug|Any CPU.Build.0 = Debug|Any CPU
		{842DDF84-274C-4639-9E92-5D0E4D0C49A3}.Release|Any CPU.ActiveCfg = Release|Any CPU
		{842DDF84-274C-4639-9E92-5D0E4D0C49A3}.Release|Any CPU.Build.0 = Release|Any CPU
		{E48A1D3D-7D24-47EA-B8D1-AA39C62F8AAE}.Debug|Any CPU.ActiveCfg = Debug|Any CPU
		{E48A1D3D-7D24-47EA-B8D1-AA39C62F8AAE}.Debug|Any CPU.Build.0 = Debug|Any CPU
		{E48A1D3D-7D24-47EA-B8D1-AA39C62F8AAE}.Release|Any CPU.ActiveCfg = Release|Any CPU
		{E48A1D3D-7D24-47EA-B8D1-AA39C62F8AAE}.Release|Any CPU.Build.0 = Release|Any CPU
		{38BCA52F-CA11-496A-867D-CE89698D9DF9}.Debug|Any CPU.ActiveCfg = Debug|Any CPU
		{38BCA52F-CA11-496A-867D-CE89698D9DF9}.Debug|Any CPU.Build.0 = Debug|Any CPU
		{38BCA52F-CA11-496A-867D-CE89698D9DF9}.Release|Any CPU.ActiveCfg = Release|Any CPU
		{38BCA52F-CA11-496A-867D-CE89698D9DF9}.Release|Any CPU.Build.0 = Release|Any CPU
		{E607314B-DFDF-4854-BBE9-E0B725B26C27}.Debug|Any CPU.ActiveCfg = Debug|Any CPU
		{E607314B-DFDF-4854-BBE9-E0B725B26C27}.Debug|Any CPU.Build.0 = Debug|Any CPU
		{E607314B-DFDF-4854-BBE9-E0B725B26C27}.Release|Any CPU.ActiveCfg = Release|Any CPU
		{E607314B-DFDF-4854-BBE9-E0B725B26C27}.Release|Any CPU.Build.0 = Release|Any CPU
	EndGlobalSection
	GlobalSection(SolutionProperties) = preSolution
		HideSolutionNode = FALSE
	EndGlobalSection
	GlobalSection(NestedProjects) = preSolution
		{F3D8771F-4B5E-4C35-91B9-2A5A30F82E6F} = {7A8A9765-3ED4-4B12-9A3A-771362A34401}
		{20769BC5-B68B-44AD-89F6-9392CDAC5E1A} = {7A8A9765-3ED4-4B12-9A3A-771362A34401}
		{734AB094-227C-415D-9326-1FFED11D167A} = {7A8A9765-3ED4-4B12-9A3A-771362A34401}
		{8E32162A-ADE5-4DDE-8C14-BE62BF8F4F11} = {7A8A9765-3ED4-4B12-9A3A-771362A34401}
		{E0B16417-5E6D-4205-9B7B-AF996BD9F069} = {36304FD0-BC36-4E17-B767-6A04349751F8}
		{FA00D228-F1F7-4FEB-AB40-FB1003F182AF} = {9DB14D82-4AC5-457D-BC34-1B5A9D4EBD56}
		{57D13506-197D-4EA0-8680-471C80539E70} = {B95E4233-0770-4D77-B54C-6D49E1D478EE}
		{39C7A163-65CD-4F50-8764-9AC6682EE168} = {B4C747DF-6E01-4E01-BF3A-75694BFAB6BE}
		{61B0E264-57B3-4DFD-8824-8655EF00CAB9} = {4497B34D-8637-4165-A625-3E4FD9E70822}
		{FAFD914D-A1D6-4362-AEF2-9553CB55573A} = {7A8A9765-3ED4-4B12-9A3A-771362A34401}
		{C67C1DE2-B168-4141-9F5B-305307D756E4} = {4497B34D-8637-4165-A625-3E4FD9E70822}
		{842DDF84-274C-4639-9E92-5D0E4D0C49A3} = {36304FD0-BC36-4E17-B767-6A04349751F8}
		{E48A1D3D-7D24-47EA-B8D1-AA39C62F8AAE} = {36304FD0-BC36-4E17-B767-6A04349751F8}
		{38BCA52F-CA11-496A-867D-CE89698D9DF9} = {9DB14D82-4AC5-457D-BC34-1B5A9D4EBD56}
		{E607314B-DFDF-4854-BBE9-E0B725B26C27} = {4497B34D-8637-4165-A625-3E4FD9E70822}
	EndGlobalSection
	GlobalSection(ExtensibilityGlobals) = postSolution
		SolutionGuid = {5B4458BE-91AB-430E-BE07-85E783652FBC}
	EndGlobalSection
EndGlobal
